
Microsoft Visual Studio Solution File, Format Version 12.00
# Visual Studio Version 17
VisualStudioVersion = 17.4.33110.190
MinimumVisualStudioVersion = 10.0.40219.1
Project("{FAE04EC0-301F-11D3-BF4B-00C04F79EFBC}") = "WindowsFormsAppReadWriteFile", "WindowsFormsAppReadWriteFile\WindowsFormsAppReadWriteFile.csproj", "{351ABC4C-B28F-4161-91EB-70E1E4F895E8}"
EndProject
Global
	GlobalSection(SolutionConfigurationPlatforms) = preSolution
		Debug|Any CPU = Debug|Any CPU
		Release|Any CPU = Release|Any CPU
	EndGlobalSection
	GlobalSection(ProjectConfigurationPlatforms) = postSolution
		{351ABC4C-B28F-4161-91EB-70E1E4F895E8}.Debug|Any CPU.ActiveCfg = Debug|Any CPU
		{351ABC4C-B28F-4161-91EB-70E1E4F895E8}.Debug|Any CPU.Build.0 = Debug|Any CPU
		{351ABC4C-B28F-4161-91EB-70E1E4F895E8}.Release|Any CPU.ActiveCfg = Release|Any CPU
		{351ABC4C-B28F-4161-91EB-70E1E4F895E8}.Release|Any CPU.Build.0 = Release|Any CPU
	EndGlobalSection
	GlobalSection(SolutionProperties) = preSolution
		HideSolutionNode = FALSE
	EndGlobalSection
	GlobalSection(ExtensibilityGlobals) = postSolution
		SolutionGuid = {F711E82F-FF0E-47D3-93B2-740EE0A0E681}
	EndGlobalSection
EndGlobal
